Microsoft Visual Studio Solution File, Format Version 12.00
# Visual Studio Version 17
VisualStudioVersion = 17.5.2.0
MinimumVisualStudioVersion = 10.0.40219.1
Project("{FAE04EC0-301F-11D3-BF4B-00C04F79EFBC}") = "NotapediaAPI", "NotapediaAPI\NotapediaAPI.csproj", "{7ADBC37B-E367-A189-16A5-F4EDCEE67770}"
EndProject
Project("{2150E333-8FDC-42A3-9474-1A3956D46DE8}") = "NotapediaAPI (1)", "NotapediaAPI (1)", "{B7A79AF6-4743-C058-5EDA-C82064A837E1}"
EndProject
Project("{2150E333-8FDC-42A3-9474-1A3956D46DE8}") = "Tests", "Tests", "{1B8A33FE-7304-A5C5-1EF7-C4F654ACE5BD}"
EndProject
Project("{FAE04EC0-301F-11D3-BF4B-00C04F79EFBC}") = "NotapediaAPI.Tests", "NotapediaAPI\Tests\NotapediaAPI.Tests\NotapediaAPI.Tests.csproj", "{C09ED5CF-A9D9-FADB-3BB6-6E2575DB1890}"
EndProject
Global
	GlobalSection(SolutionConfigurationPlatforms) = preSolution
		Debug|Any CPU = Debug|Any CPU
		Release|Any CPU = Release|Any CPU
	EndGlobalSection
	GlobalSection(ProjectConfigurationPlatforms) = postSolution
		{7ADBC37B-E367-A189-16A5-F4EDCEE67770}.Debug|Any CPU.ActiveCfg = Debug|Any CPU
		{7ADBC37B-E367-A189-16A5-F4EDCEE67770}.Debug|Any CPU.Build.0 = Debug|Any CPU
		{7ADBC37B-E367-A189-16A5-F4EDCEE67770}.Release|Any CPU.ActiveCfg = Release|Any CPU
		{7ADBC37B-E367-A189-16A5-F4EDCEE67770}.Release|Any CPU.Build.0 = Release|Any CPU
		{C09ED5CF-A9D9-FADB-3BB6-6E2575DB1890}.Debug|Any CPU.ActiveCfg = Debug|Any CPU
		{C09ED5CF-A9D9-FADB-3BB6-6E2575DB1890}.Debug|Any CPU.Build.0 = Debug|Any CPU
		{C09ED5CF-A9D9-FADB-3BB6-6E2575DB1890}.Release|Any CPU.ActiveCfg = Release|Any CPU
		{C09ED5CF-A9D9-FADB-3BB6-6E2575DB1890}.Release|Any CPU.Build.0 = Release|Any CPU
	EndGlobalSection
	GlobalSection(SolutionProperties) = preSolution
		HideSolutionNode = FALSE
	EndGlobalSection
	GlobalSection(NestedProjects) = preSolution
		{1B8A33FE-7304-A5C5-1EF7-C4F654ACE5BD} = {B7A79AF6-4743-C058-5EDA-C82064A837E1}
		{C09ED5CF-A9D9-FADB-3BB6-6E2575DB1890} = {1B8A33FE-7304-A5C5-1EF7-C4F654ACE5BD}
	EndGlobalSection
	GlobalSection(ExtensibilityGlobals) = postSolution
		SolutionGuid = {A8BF7163-18BA-4C71-A453-6D3D04C8C0AD}
	EndGlobalSection
EndGlobal
